
Microsoft Visual Studio Solution File, Format Version 12.00
# Visual Studio Version 16
VisualStudioVersion = 16.0.30611.23
MinimumVisualStudioVersion = 10.0.40219.1
Project("{FAE04EC0-301F-11D3-BF4B-00C04F79EFBC}") = "Less001_Task5", "Less001_Task5\Less001_Task5.csproj", "{04259232-C6AB-4CAC-88CA-972649DE3699}"
EndProject
Global
	GlobalSection(SolutionConfigurationPlatforms) = preSolution
		Debug|Any CPU = Debug|Any CPU
		Release|Any CPU = Release|Any CPU
	EndGlobalSection
	GlobalSection(ProjectConfigurationPlatforms) = postSolution
		{04259232-C6AB-4CAC-88CA-972649DE3699}.Debug|Any CPU.ActiveCfg = Debug|Any CPU
		{04259232-C6AB-4CAC-88CA-972649DE3699}.Debug|Any CPU.Build.0 = Debug|Any CPU
		{04259232-C6AB-4CAC-88CA-972649DE3699}.Release|Any CPU.ActiveCfg = Release|Any CPU
		{04259232-C6AB-4CAC-88CA-972649DE3699}.Release|Any CPU.Build.0 = Release|Any CPU
	EndGlobalSection
	GlobalSection(SolutionProperties) = preSolution
		HideSolutionNode = FALSE
	EndGlobalSection
	GlobalSection(ExtensibilityGlobals) = postSolution
		SolutionGuid = {6DBD8617-E9DA-482D-84E9-E9A8C7E48030}
	EndGlobalSection
EndGlobal
